
Microsoft Visual Studio Solution File, Format Version 12.00
# Visual Studio Version 16
VisualStudioVersion = 16.0.31613.86
MinimumVisualStudioVersion = 10.0.40219.1
Project("{FAE04EC0-301F-11D3-BF4B-00C04F79EFBC}") = "AppTruyen", "AppTruyen\AppTruyen.csproj", "{5EB8CB88-5BC7-4F6A-82D2-59260E84D998}"
EndProject
Global
	GlobalSection(SolutionConfigurationPlatforms) = preSolution
		Debug|Any CPU = Debug|Any CPU
		Release|Any CPU = Release|Any CPU
	EndGlobalSection
	GlobalSection(ProjectConfigurationPlatforms) = postSolution
		{5EB8CB88-5BC7-4F6A-82D2-59260E84D998}.Debug|Any CPU.ActiveCfg = Debug|Any CPU
		{5EB8CB88-5BC7-4F6A-82D2-59260E84D998}.Debug|Any CPU.Build.0 = Debug|Any CPU
		{5EB8CB88-5BC7-4F6A-82D2-59260E84D998}.Release|Any CPU.ActiveCfg = Release|Any CPU
		{5EB8CB88-5BC7-4F6A-82D2-59260E84D998}.Release|Any CPU.Build.0 = Release|Any CPU
	EndGlobalSection
	GlobalSection(SolutionProperties) = preSolution
		HideSolutionNode = FALSE
	EndGlobalSection
	GlobalSection(ExtensibilityGlobals) = postSolution
		SolutionGuid = {6ACF88B7-B3F4-4A89-93FC-30380BBD5A92}
	EndGlobalSection
EndGlobal
